
Microsoft Visual Studio Solution File, Format Version 12.00
# Visual Studio Version 16
VisualStudioVersion = 16.0.34931.43
MinimumVisualStudioVersion = 10.0.40219.1
Project("{8BC9CEB8-8B4A-11D0-8D11-00A0C91BC942}") = "project", "project\project.vcxproj", "{497C2A54-F732-4556-B842-D5A97860499C}"
EndProject
Global
	GlobalSection(SolutionConfigurationPlatforms) = preSolution
		Debug|x64 = Debug|x64
		Debug|x86 = Debug|x86
		Release|x64 = Release|x64
		Release|x86 = Release|x86
	EndGlobalSection
	GlobalSection(ProjectConfigurationPlatforms) = postSolution
		{497C2A54-F732-4556-B842-D5A97860499C}.Debug|x64.ActiveCfg = Debug|x64
		{497C2A54-F732-4556-B842-D5A97860499C}.Debug|x64.Build.0 = Debug|x64
		{497C2A54-F732-4556-B842-D5A97860499C}.Debug|x86.ActiveCfg = Debug|Win32
		{497C2A54-F732-4556-B842-D5A97860499C}.Debug|x86.Build.0 = Debug|Win32
		{497C2A54-F732-4556-B842-D5A97860499C}.Release|x64.ActiveCfg = Release|x64
		{497C2A54-F732-4556-B842-D5A97860499C}.Release|x64.Build.0 = Release|x64
		{497C2A54-F732-4556-B842-D5A97860499C}.Release|x86.ActiveCfg = Release|Win32
		{497C2A54-F732-4556-B842-D5A97860499C}.Release|x86.Build.0 = Release|Win32
	EndGlobalSection
	GlobalSection(SolutionProperties) = preSolution
		HideSolutionNode = FALSE
	EndGlobalSection
	GlobalSection(ExtensibilityGlobals) = postSolution
		SolutionGuid = {B5853382-6C6C-46CD-9EFA-4FFA527CB842}
	EndGlobalSection
EndGlobal
